
Microsoft Visual Studio Solution File, Format Version 12.00
# Visual Studio 2013
VisualStudioVersion = 12.0.21005.1
MinimumVisualStudioVersion = 10.0.40219.1
Project("{FAE04EC0-301F-11D3-BF4B-00C04F79EFBC}") = "GuestBook", "GuestBook\GuestBook.csproj", "{10978917-2458-4A0D-BC4A-DF724136997A}"
EndProject
Project("{FAE04EC0-301F-11D3-BF4B-00C04F79EFBC}") = "GuestBook.Tests", "GuestBook.Tests\GuestBook.Tests.csproj", "{D8698AA9-DE7C-4321-A56F-C34DE7D5684E}"
EndProject
Global
	GlobalSection(SolutionConfigurationPlatforms) = preSolution
		Debug|Any CPU = Debug|Any CPU
		Release|Any CPU = Release|Any CPU
	EndGlobalSection
	GlobalSection(ProjectConfigurationPlatforms) = postSolution
		{10978917-2458-4A0D-BC4A-DF724136997A}.Debug|Any CPU.ActiveCfg = Debug|Any CPU
		{10978917-2458-4A0D-BC4A-DF724136997A}.Debug|Any CPU.Build.0 = Debug|Any CPU
		{10978917-2458-4A0D-BC4A-DF724136997A}.Release|Any CPU.ActiveCfg = Release|Any CPU
		{10978917-2458-4A0D-BC4A-DF724136997A}.Release|Any CPU.Build.0 = Release|Any CPU
		{D8698AA9-DE7C-4321-A56F-C34DE7D5684E}.Debug|Any CPU.ActiveCfg = Debug|Any CPU
		{D8698AA9-DE7C-4321-A56F-C34DE7D5684E}.Debug|Any CPU.Build.0 = Debug|Any CPU
		{D8698AA9-DE7C-4321-A56F-C34DE7D5684E}.Release|Any CPU.ActiveCfg = Release|Any CPU
		{D8698AA9-DE7C-4321-A56F-C34DE7D5684E}.Release|Any CPU.Build.0 = Release|Any CPU
	EndGlobalSection
	GlobalSection(SolutionProperties) = preSolution
		HideSolutionNode = FALSE
	EndGlobalSection
EndGlobal
